
Microsoft Visual Studio Solution File, Format Version 12.00
# Visual Studio Version 16
VisualStudioVersion = 16.0.31829.152
MinimumVisualStudioVersion = 10.0.40219.1
Project("{9A19103F-16F7-4668-BE54-9A1E7A4F7556}") = "EagleWebSDK", "EagleWebSDK.csproj", "{4C950C20-4549-4669-99BB-A7E7480CDF31}"
EndProject
Project("{9A19103F-16F7-4668-BE54-9A1E7A4F7556}") = "LibEasyCrossPlatform", "..\EasyCrossPlatform\LibEasyCrossPlatform\LibEasyCrossPlatform.csproj", "{DC10106F-6FE6-4D4A-B8A7-ECC7FF1D2C8C}"
EndProject
Project("{9A19103F-16F7-4668-BE54-9A1E7A4F7556}") = "EagleWeb.Package", "..\EagleWeb\EagleWeb.Package\EagleWeb.Package.csproj", "{BB7FAB3E-E426-42E0-8F7A-0933C4E2ADAB}"
EndProject
Global
	GlobalSection(SolutionConfigurationPlatforms) = preSolution
		Debug|Any CPU = Debug|Any CPU
		Release|Any CPU = Release|Any CPU
	EndGlobalSection
	GlobalSection(ProjectConfigurationPlatforms) = postSolution
		{4C950C20-4549-4669-99BB-A7E7480CDF31}.Debug|Any CPU.ActiveCfg = Debug|Any CPU
		{4C950C20-4549-4669-99BB-A7E7480CDF31}.Debug|Any CPU.Build.0 = Debug|Any CPU
		{4C950C20-4549-4669-99BB-A7E7480CDF31}.Release|Any CPU.ActiveCfg = Release|Any CPU
		{4C950C20-4549-4669-99BB-A7E7480CDF31}.Release|Any CPU.Build.0 = Release|Any CPU
		{DC10106F-6FE6-4D4A-B8A7-ECC7FF1D2C8C}.Debug|Any CPU.ActiveCfg = Debug|Any CPU
		{DC10106F-6FE6-4D4A-B8A7-ECC7FF1D2C8C}.Debug|Any CPU.Build.0 = Debug|Any CPU
		{DC10106F-6FE6-4D4A-B8A7-ECC7FF1D2C8C}.Release|Any CPU.ActiveCfg = Release|Any CPU
		{DC10106F-6FE6-4D4A-B8A7-ECC7FF1D2C8C}.Release|Any CPU.Build.0 = Release|Any CPU
		{BB7FAB3E-E426-42E0-8F7A-0933C4E2ADAB}.Debug|Any CPU.ActiveCfg = Debug|Any CPU
		{BB7FAB3E-E426-42E0-8F7A-0933C4E2ADAB}.Debug|Any CPU.Build.0 = Debug|Any CPU
		{BB7FAB3E-E426-42E0-8F7A-0933C4E2ADAB}.Release|Any CPU.ActiveCfg = Release|Any CPU
		{BB7FAB3E-E426-42E0-8F7A-0933C4E2ADAB}.Release|Any CPU.Build.0 = Release|Any CPU
	EndGlobalSection
	GlobalSection(SolutionProperties) = preSolution
		HideSolutionNode = FALSE
	EndGlobalSection
	GlobalSection(ExtensibilityGlobals) = postSolution
		SolutionGuid = {D3B7DD31-68E6-467F-B6B9-F8789D557515}
	EndGlobalSection
EndGlobal
